{
  "name": "@mkusaka/greet",
  "version": "0.2.0",
  "lockfileVersion": 3,
  "requires": true,
  "packages": {
    "": {
      "name": "@mkusaka/greet",
      "version": "0.2.0",
      "license": "MIT",
      "dependencies": {
        "@mkusaka/greet": "npm:@jsr/mkusaka__greet@^0.3.0",
        "chalk": "5.1.0"
      }
    },
    "node_modules/@mkusaka/greet": {
      "name": "@jsr/mkusaka__greet",
      "version": "0.3.0",
      "resolved": "https://npm.jsr.io/~/10/@jsr/mkusaka__greet/0.3.0.tgz",
      "integrity": "sha512-iwrquojF9i2P4V7V41Spn/lhyuSlWvZ6m6Z9Y2S+aF1mvkxXeWlkP0sGjtH7n2i6sFcixjw0B9ywV9cNdODcsw=="
    },
    "node_modules/chalk": {
      "version": "5.1.0",
      "resolved": "https://registry.npmjs.org/chalk/-/chalk-5.1.0.tgz",
      "integrity": "sha512-56zD4khRTBoIyzUYAFgDDaPhUMN/fC/rySe6aZGqbj/VWiU2eI3l6ZLOtYGFZAV5v02mwPjtpzlrOveJiz5eZQ==",
      "engines": {
        "node": "^12.17.0 || ^14.13 || >=16.0.0"
      },
      "funding": {
        "url": "https://github.com/chalk/chalk?sponsor=1"
      }
    }
  }
}
